<?xml version="1.0" encoding="utf-8"?>
<Project ToolsVersion="4.0" xmlns="http://schemas.microsoft.com/developer/msbuild/2003">
  <ItemGroup>
    <ClCompile Include="src\ALUHelpers.cpp" />
    <ClCompile Include="src\Cpu.cpp" />
    <ClCompile Include="src\GameBoy.cpp" />
    <ClCompile Include="src\GraphicsManager.cpp" />
    <ClCompile Include="src\Memory.cpp" />
    <ClCompile Include="src\Tile.cpp" />
    <ClCompile Include="src\SoundController.cpp">
      <Filter>MemoryMapped</Filter>
    </ClCompile>
    <ClCompile Include="src\InterruptController.cpp">
      <Filter>MemoryMapped</Filter>
    </ClCompile>
    <ClCompile Include="src\PixelProcessingUnit.cpp">
      <Filter>MemoryMapped</Filter>
    </ClCompile>
    <ClCompile Include="src\BGMap.cpp" />
    <ClCompile Include="src\ROM.cpp">
      <Filter>MemoryMapped</Filter>
    </ClCompile>
    <ClCompile Include="src\RAM.cpp">
      <Filter>MemoryMapped</Filter>
    </ClCompile>
    <ClCompile Include="src\UnMappedMemory.cpp">
      <Filter>MemoryMapped</Filter>
    </ClCompile>
    <ClCompile Include="src\JoypadController.cpp">
      <Filter>MemoryMapped</Filter>
    </ClCompile>
    <ClCompile Include="src\SerialTransferController.cpp">
      <Filter>MemoryMapped</Filter>
    </ClCompile>
    <ClCompile Include="src\TimerController.cpp">
      <Filter>MemoryMapped</Filter>
    </ClCompile>
    <ClCompile Include="src\Address.cpp" />
    <ClCompile Include="src\CartridgeHeader.cpp" />
    <ClCompile Include="src\MBC.cpp">
      <Filter>MemoryMapped</Filter>
    </ClCompile>
  </ItemGroup>
  <ItemGroup>
    <ClInclude Include="src\Address.h" />
    <ClInclude Include="src\ALUHelpers.h" />
    <ClInclude Include="src\Cpu.h" />
    <ClInclude Include="src\GameBoy.h" />
    <ClInclude Include="src\GlobalDefinitions.h" />
    <ClInclude Include="src\GraphicsManager.h" />
    <ClInclude Include="src\Memory.h" />
    <ClInclude Include="src\RegisterU16.h" />
    <ClInclude Include="src\RegisterU8.h" />
    <ClInclude Include="src\Tile.h" />
    <ClInclude Include="src\SoundController.h">
      <Filter>MemoryMapped</Filter>
    </ClInclude>
    <ClInclude Include="src\IMemoryMappable.h" />
    <ClInclude Include="src\InterruptController.h">
      <Filter>MemoryMapped</Filter>
    </ClInclude>
    <ClInclude Include="src\IODevices.h" />
    <ClInclude Include="src\PixelProcessingUnit.h">
      <Filter>MemoryMapped</Filter>
    </ClInclude>
    <ClInclude Include="src\BGMap.h" />
    <ClInclude Include="src\ROM.h">
      <Filter>MemoryMapped</Filter>
    </ClInclude>
    <ClInclude Include="src\RAM.h">
      <Filter>MemoryMapped</Filter>
    </ClInclude>
    <ClInclude Include="src\UnMappedMemory.h">
      <Filter>MemoryMapped</Filter>
    </ClInclude>
    <ClInclude Include="src\JoypadController.h">
      <Filter>MemoryMapped</Filter>
    </ClInclude>
    <ClInclude Include="src\SerialTransferController.h">
      <Filter>MemoryMapped</Filter>
    </ClInclude>
    <ClInclude Include="src\TimerController.h">
      <Filter>MemoryMapped</Filter>
    </ClInclude>
    <ClInclude Include="src\Sprite.h" />
    <ClInclude Include="src\IGraphicsHandler.h" />
    <ClInclude Include="src\IEventHandler.h" />
    <ClInclude Include="src\CartridgeHeader.h" />
    <ClInclude Include="src\MBC.h">
      <Filter>MemoryMapped</Filter>
    </ClInclude>
  </ItemGroup>
  <ItemGroup>
    <Filter Include="MemoryMapped">
      <UniqueIdentifier>{f4f98450-270f-4112-8c2d-4e775db33b8f}</UniqueIdentifier>
    </Filter>
  </ItemGroup>
</Project>